{
  "requires": true,
  "lockfileVersion": 1,
  "dependencies": {
    "@babel/parser": {
      "version": "7.21.8",
      "resolved": "https://registry.npmjs.org/@babel/parser/-/parser-7.21.8.tgz",
      "integrity": "sha512-6zavDGdzG3gUqAdWvlLFfk+36RilI+Pwyuuh7HItyeScCWP3k6i8vKclAQ0bM/0y/Kz/xiwvxhMv9MgTJP5gmA=="
    },
    "@nuxt/opencollective": {
      "version": "0.3.3",
      "resolved": "https://registry.npmjs.org/@nuxt/opencollective/-/opencollective-0.3.3.tgz",
      "integrity": "sha512-6IKCd+gP0HliixqZT/p8nW3tucD6Sv/u/eR2A9X4rxT/6hXlMzA4GZQzq4d2qnBAwSwGpmKyzkyTjNjrhaA25A==",
      "requires": {
        "chalk": "^4.1.0",
        "consola": "^2.15.0",
        "node-fetch": "^2.6.7"
      }
    },
    "@vue/compiler-core": {
      "version": "3.2.47",
      "resolved": "https://registry.npmjs.org/@vue/compiler-core/-/compiler-core-3.2.47.tgz",
      "integrity": "sha512-p4D7FDnQb7+YJmO2iPEv0SQNeNzcbHdGByJDsT4lynf63AFkOTFN07HsiRSvjGo0QrxR/o3d0hUyNCUnBU2Tig==",
      "requires": {
        "@babel/parser": "^7.16.4",
        "@vue/shared": "3.2.47",
        "estree-walker": "^2.0.2",
        "source-map": "^0.6.1"
      }
    },
    "@vue/compiler-dom": {
      "version": "3.2.47",
      "resolved": "https://registry.npmjs.org/@vue/compiler-dom/-/compiler-dom-3.2.47.tgz",
      "integrity": "sha512-dBBnEHEPoftUiS03a4ggEig74J2YBZ2UIeyfpcRM2tavgMWo4bsEfgCGsu+uJIL/vax9S+JztH8NmQerUo7shQ==",
      "requires": {
        "@vue/compiler-core": "3.2.47",
        "@vue/shared": "3.2.47"
      }
    },
    "@vue/compiler-sfc": {
      "version": "3.2.47",
      "resolved": "https://registry.npmjs.org/@vue/compiler-sfc/-/compiler-sfc-3.2.47.tgz",
      "integrity": "sha512-rog05W+2IFfxjMcFw10tM9+f7i/+FFpZJJ5XHX72NP9eC2uRD+42M3pYcQqDXVYoj74kHMSEdQ/WmCjt8JFksQ==",
      "requires": {
        "@babel/parser": "^7.16.4",
        "@vue/compiler-core": "3.2.47",
        "@vue/compiler-dom": "3.2.47",
        "@vue/compiler-ssr": "3.2.47",
        "@vue/reactivity-transform": "3.2.47",
        "@vue/shared": "3.2.47",
        "estree-walker": "^2.0.2",
        "magic-string": "^0.25.7",
        "postcss": "^8.1.10",
        "source-map": "^0.6.1"
      }
    },
    "@vue/compiler-ssr": {
      "version": "3.2.47",
      "resolved": "https://registry.npmjs.org/@vue/compiler-ssr/-/compiler-ssr-3.2.47.tgz",
      "integrity": "sha512-wVXC+gszhulcMD8wpxMsqSOpvDZ6xKXSVWkf50Guf/S+28hTAXPDYRTbLQ3EDkOP5Xz/+SY37YiwDquKbJOgZw==",
      "requires": {
        "@vue/compiler-dom": "3.2.47",
        "@vue/shared": "3.2.47"
      }
    },
    "@vue/reactivity": {
      "version": "3.2.47",
      "resolved": "https://registry.npmjs.org/@vue/reactivity/-/reactivity-3.2.47.tgz",
      "integrity": "sha512-7khqQ/75oyyg+N/e+iwV6lpy1f5wq759NdlS1fpAhFXa8VeAIKGgk2E/C4VF59lx5b+Ezs5fpp/5WsRYXQiKxQ==",
      "requires": {
        "@vue/shared": "3.2.47"
      }
    },
    "@vue/reactivity-transform": {
      "version": "3.2.47",
      "resolved": "https://registry.npmjs.org/@vue/reactivity-transform/-/reactivity-transform-3.2.47.tgz",
      "integrity": "sha512-m8lGXw8rdnPVVIdIFhf0LeQ/ixyHkH5plYuS83yop5n7ggVJU+z5v0zecwEnX7fa7HNLBhh2qngJJkxpwEEmYA==",
      "requires": {
        "@babel/parser": "^7.16.4",
        "@vue/compiler-core": "3.2.47",
        "@vue/shared": "3.2.47",
        "estree-walker": "^2.0.2",
        "magic-string": "^0.25.7"
      }
    },
    "@vue/runtime-core": {
      "version": "3.2.47",
      "resolved": "https://registry.npmjs.org/@vue/runtime-core/-/runtime-core-3.2.47.tgz",
      "integrity": "sha512-RZxbLQIRB/K0ev0K9FXhNbBzT32H9iRtYbaXb0ZIz2usLms/D55dJR2t6cIEUn6vyhS3ALNvNthI+Q95C+NOpA==",
      "requires": {
        "@vue/reactivity": "3.2.47",
        "@vue/shared": "3.2.47"
      }
    },
    "@vue/runtime-dom": {
      "version": "3.2.47",
      "resolved": "https://registry.npmjs.org/@vue/runtime-dom/-/runtime-dom-3.2.47.tgz",
      "integrity": "sha512-ArXrFTjS6TsDei4qwNvgrdmHtD930KgSKGhS5M+j8QxXrDJYLqYw4RRcDy1bz1m1wMmb6j+zGLifdVHtkXA7gA==",
      "requires": {
        "@vue/runtime-core": "3.2.47",
        "@vue/shared": "3.2.47",
        "csstype": "^2.6.8"
      }
    },
    "@vue/server-renderer": {
      "version": "3.2.47",
      "resolved": "https://registry.npmjs.org/@vue/server-renderer/-/server-renderer-3.2.47.tgz",
      "integrity": "sha512-dN9gc1i8EvmP9RCzvneONXsKfBRgqFeFZLurmHOveL7oH6HiFXJw5OGu294n1nHc/HMgTy6LulU/tv5/A7f/LA==",
      "requires": {
        "@vue/compiler-ssr": "3.2.47",
        "@vue/shared": "3.2.47"
      }
    },
    "@vue/shared": {
      "version": "3.2.47",
      "resolved": "https://registry.npmjs.org/@vue/shared/-/shared-3.2.47.tgz",
      "integrity": "sha512-BHGyyGN3Q97EZx0taMQ+OLNuZcW3d37ZEVmEAyeoA9ERdGvm9Irc/0Fua8SNyOtV1w6BS4q25wbMzJujO9HIfQ=="
    },
    "ansi-styles": {
      "version": "4.3.0",
      "resolved": "https://registry.npmjs.org/ansi-styles/-/ansi-styles-4.3.0.tgz",
      "integrity": "sha512-zbB9rCJAT1rbjiVDb2hqKFHNYLxgtk8NURxZ3IZwD3F6NtxbXZQCnnSi1Lkx+IDohdPlFp222wVALIheZJQSEg==",
      "requires": {
        "color-convert": "^2.0.1"
      }
    },
    "bootstrap": {
      "version": "5.2.3",
      "resolved": "https://registry.npmjs.org/bootstrap/-/bootstrap-5.2.3.tgz",
      "integrity": "sha512-cEKPM+fwb3cT8NzQZYEu4HilJ3anCrWqh3CHAok1p9jXqMPsPTBhU25fBckEJHJ/p+tTxTFTsFQGM+gaHpi3QQ=="
    },
    "bootstrap-vue": {
      "version": "2.23.1",
      "resolved": "https://registry.npmjs.org/bootstrap-vue/-/bootstrap-vue-2.23.1.tgz",
      "integrity": "sha512-SEWkG4LzmMuWjQdSYmAQk1G/oOKm37dtNfjB5kxq0YafnL2W6qUAmeDTcIZVbPiQd2OQlIkWOMPBRGySk/zGsg==",
      "requires": {
        "@nuxt/opencollective": "^0.3.2",
        "bootstrap": "^4.6.1",
        "popper.js": "^1.16.1",
        "portal-vue": "^2.1.7",
        "vue-functional-data-merge": "^3.1.0"
      },
      "dependencies": {
        "bootstrap": {
          "version": "4.6.2",
          "resolved": "https://registry.npmjs.org/bootstrap/-/bootstrap-4.6.2.tgz",
          "integrity": "sha512-51Bbp/Uxr9aTuy6ca/8FbFloBUJZLHwnhTcnjIeRn2suQWsWzcuJhGjKDB5eppVte/8oCdOL3VuwxvZDUggwGQ=="
        }
      }
    },
    "chalk": {
      "version": "4.1.2",
      "resolved": "https://registry.npmjs.org/chalk/-/chalk-4.1.2.tgz",
      "integrity": "sha512-oKnbhFyRIXpUuez8iBMmyEa4nbj4IOQyuhc/wy9kY7/WVPcwIO9VA668Pu8RkO7+0G76SLROeyw9CpQ061i4mA==",
      "requires": {
        "ansi-styles": "^4.1.0",
        "supports-color": "^7.1.0"
      }
    },
    "color-convert": {
      "version": "2.0.1",
      "resolved": "https://registry.npmjs.org/color-convert/-/color-convert-2.0.1.tgz",
      "integrity": "sha512-RRECPsj7iu/xb5oKYcsFHSppFNnsj/52OVTRKb4zP5onXwVF3zVmmToNcOfGC+CRDpfK/U584fMg38ZHCaElKQ==",
      "requires": {
        "color-name": "~1.1.4"
      }
    },
    "color-name": {
      "version": "1.1.4",
      "resolved": "https://registry.npmjs.org/color-name/-/color-name-1.1.4.tgz",
      "integrity": "sha512-dOy+3AuW3a2wNbZHIuMZpTcgjGuLU/uBL/ubcZF9OXbDo8ff4O8yVp5Bf0efS8uEoYo5q4Fx7dY9OgQGXgAsQA=="
    },
    "consola": {
      "version": "2.15.3",
      "resolved": "https://registry.npmjs.org/consola/-/consola-2.15.3.tgz",
      "integrity": "sha512-9vAdYbHj6x2fLKC4+oPH0kFzY/orMZyG2Aj+kNylHxKGJ/Ed4dpNyAQYwJOdqO4zdM7XpVHmyejQDcQHrnuXbw=="
    },
    "csstype": {
      "version": "2.6.21",
      "resolved": "https://registry.npmjs.org/csstype/-/csstype-2.6.21.tgz",
      "integrity": "sha512-Z1PhmomIfypOpoMjRQB70jfvy/wxT50qW08YXO5lMIJkrdq4yOTR+AW7FqutScmB9NkLwxo+jU+kZLbofZZq/w=="
    },
    "estree-walker": {
      "version": "2.0.2",
      "resolved": "https://registry.npmjs.org/estree-walker/-/estree-walker-2.0.2.tgz",
      "integrity": "sha512-Rfkk/Mp/DL7JVje3u18FxFujQlTNR2q6QfMSMB7AvCBx91NGj/ba3kCfza0f6dVDbw7YlRf/nDrn7pQrCCyQ/w=="
    },
    "has-flag": {
      "version": "4.0.0",
      "resolved": "https://registry.npmjs.org/has-flag/-/has-flag-4.0.0.tgz",
      "integrity": "sha512-EykJT/Q1KjTWctppgIAgfSO0tKVuZUjhgMr17kqTumMl6Afv3EISleU7qZUzoXDFTAHTDC4NOoG/ZxU3EvlMPQ=="
    },
    "magic-string": {
      "version": "0.25.9",
      "resolved": "https://registry.npmjs.org/magic-string/-/magic-string-0.25.9.tgz",
      "integrity": "sha512-RmF0AsMzgt25qzqqLc1+MbHmhdx0ojF2Fvs4XnOqz2ZOBXzzkEwc/dJQZCYHAn7v1jbVOjAZfK8msRn4BxO4VQ==",
      "requires": {
        "sourcemap-codec": "^1.4.8"
      }
    },
    "nanoid": {
      "version": "3.3.6",
      "resolved": "https://registry.npmjs.org/nanoid/-/nanoid-3.3.6.tgz",
      "integrity": "sha512-BGcqMMJuToF7i1rt+2PWSNVnWIkGCU78jBG3RxO/bZlnZPK2Cmi2QaffxGO/2RvWi9sL+FAiRiXMgsyxQ1DIDA=="
    },
    "node-fetch": {
      "version": "2.6.11",
      "resolved": "https://registry.npmjs.org/node-fetch/-/node-fetch-2.6.11.tgz",
      "integrity": "sha512-4I6pdBY1EthSqDmJkiNk3JIT8cswwR9nfeW/cPdUagJYEQG7R95WRH74wpz7ma8Gh/9dI9FP+OU+0E4FvtA55w==",
      "requires": {
        "whatwg-url": "^5.0.0"
      }
    },
    "picocolors": {
      "version": "1.0.0",
      "resolved": "https://registry.npmjs.org/picocolors/-/picocolors-1.0.0.tgz",
      "integrity": "sha512-1fygroTLlHu66zi26VoTDv8yRgm0Fccecssto+MhsZ0D/DGW2sm8E8AjW7NU5VVTRt5GxbeZ5qBuJr+HyLYkjQ=="
    },
    "popper.js": {
      "version": "1.16.1",
      "resolved": "https://registry.npmjs.org/popper.js/-/popper.js-1.16.1.tgz",
      "integrity": "sha512-Wb4p1J4zyFTbM+u6WuO4XstYx4Ky9Cewe4DWrel7B0w6VVICvPwdOpotjzcf6eD8TsckVnIMNONQyPIUFOUbCQ=="
    },
    "portal-vue": {
      "version": "2.1.7",
      "resolved": "https://registry.npmjs.org/portal-vue/-/portal-vue-2.1.7.tgz",
      "integrity": "sha512-+yCno2oB3xA7irTt0EU5Ezw22L2J51uKAacE/6hMPMoO/mx3h4rXFkkBkT4GFsMDv/vEe8TNKC3ujJJ0PTwb6g=="
    },
    "postcss": {
      "version": "8.4.23",
      "resolved": "https://registry.npmjs.org/postcss/-/postcss-8.4.23.tgz",
      "integrity": "sha512-bQ3qMcpF6A/YjR55xtoTr0jGOlnPOKAIMdOWiv0EIT6HVPEaJiJB4NLljSbiHoC2RX7DN5Uvjtpbg1NPdwv1oA==",
      "requires": {
        "nanoid": "^3.3.6",
        "picocolors": "^1.0.0",
        "source-map-js": "^1.0.2"
      }
    },
    "source-map": {
      "version": "0.6.1",
      "resolved": "https://registry.npmjs.org/source-map/-/source-map-0.6.1.tgz",
      "integrity": "sha512-UjgapumWlbMhkBgzT7Ykc5YXUT46F0iKu8SGXq0bcwP5dz/h0Plj6enJqjz1Zbq2l5WaqYnrVbwWOWMyF3F47g=="
    },
    "source-map-js": {
      "version": "1.0.2",
      "resolved": "https://registry.npmjs.org/source-map-js/-/source-map-js-1.0.2.tgz",
      "integrity": "sha512-R0XvVJ9WusLiqTCEiGCmICCMplcCkIwwR11mOSD9CR5u+IXYdiseeEuXCVAjS54zqwkLcPNnmU4OeJ6tUrWhDw=="
    },
    "sourcemap-codec": {
      "version": "1.4.8",
      "resolved": "https://registry.npmjs.org/sourcemap-codec/-/sourcemap-codec-1.4.8.tgz",
      "integrity": "sha512-9NykojV5Uih4lgo5So5dtw+f0JgJX30KCNI8gwhz2J9A15wD0Ml6tjHKwf6fTSa6fAdVBdZeNOs9eJ71qCk8vA=="
    },
    "supports-color": {
      "version": "7.2.0",
      "resolved": "https://registry.npmjs.org/supports-color/-/supports-color-7.2.0.tgz",
      "integrity": "sha512-qpCAvRl9stuOHveKsn7HncJRvv501qIacKzQlO/+Lwxc9+0q2wLyv4Dfvt80/DPn2pqOBsJdDiogXGR9+OvwRw==",
      "requires": {
        "has-flag": "^4.0.0"
      }
    },
    "tr46": {
      "version": "0.0.3",
      "resolved": "https://registry.npmjs.org/tr46/-/tr46-0.0.3.tgz",
      "integrity": "sha512-N3WMsuqV66lT30CrXNbEjx4GEwlow3v6rr4mCcv6prnfwhS01rkgyFdjPNBYd9br7LpXV1+Emh01fHnq2Gdgrw=="
    },
    "typescript": {
      "version": "5.0.4",
      "resolved": "https://registry.npmjs.org/typescript/-/typescript-5.0.4.tgz",
      "integrity": "sha512-cW9T5W9xY37cc+jfEnaUvX91foxtHkza3Nw3wkoF4sSlKn0MONdkdEndig/qPBWXNkmplh3NzayQzCiHM4/hqw==",
      "dev": true
    },
    "vue": {
      "version": "3.2.47",
      "resolved": "https://registry.npmjs.org/vue/-/vue-3.2.47.tgz",
      "integrity": "sha512-60188y/9Dc9WVrAZeUVSDxRQOZ+z+y5nO2ts9jWXSTkMvayiWxCWOWtBQoYjLeccfXkiiPZWAHcV+WTPhkqJHQ==",
      "requires": {
        "@vue/compiler-dom": "3.2.47",
        "@vue/compiler-sfc": "3.2.47",
        "@vue/runtime-dom": "3.2.47",
        "@vue/server-renderer": "3.2.47",
        "@vue/shared": "3.2.47"
      }
    },
    "vue-functional-data-merge": {
      "version": "3.1.0",
      "resolved": "https://registry.npmjs.org/vue-functional-data-merge/-/vue-functional-data-merge-3.1.0.tgz",
      "integrity": "sha512-leT4kdJVQyeZNY1kmnS1xiUlQ9z1B/kdBFCILIjYYQDqZgLqCLa0UhjSSeRX6c3mUe6U5qYeM8LrEqkHJ1B4LA=="
    },
    "webidl-conversions": {
      "version": "3.0.1",
      "resolved": "https://registry.npmjs.org/webidl-conversions/-/webidl-conversions-3.0.1.tgz",
      "integrity": "sha512-2JAn3z8AR6rjK8Sm8orRC0h/bcl/DqL7tRPdGZ4I1CjdF+EaMLmYxBHyXuKL849eucPFhvBoxMsflfOb8kxaeQ=="
    },
    "whatwg-url": {
      "version": "5.0.0",
      "resolved": "https://registry.npmjs.org/whatwg-url/-/whatwg-url-5.0.0.tgz",
      "integrity": "sha512-saE57nupxk6v3HY35+jzBwYa0rKSy0XR8JSxZPwgLr7ys0IBzhGviA1/TUGJLmSVqs8pb9AnvICXEuOHLprYTw==",
      "requires": {
        "tr46": "~0.0.3",
        "webidl-conversions": "^3.0.0"
      }
    }
  }
}
